
Microsoft Visual Studio Solution File, Format Version 12.00
# Visual Studio 2012
Project("{FAE04EC0-301F-11D3-BF4B-00C04F79EFBC}") = "Proguard.Build.Tasks", "Proguard.Build.Tasks\Proguard.Build.Tasks.csproj", "{509B3785-1D8A-4524-BDAD-179700B12FEB}"
EndProject
Global
	GlobalSection(SolutionConfigurationPlatforms) = preSolution
		Debug|Any CPU = Debug|Any CPU
		Release|Any CPU = Release|Any CPU
	EndGlobalSection
	GlobalSection(ProjectConfigurationPlatforms) = postSolution
		{509B3785-1D8A-4524-BDAD-179700B12FEB}.Debug|Any CPU.ActiveCfg = Debug|Any CPU
		{509B3785-1D8A-4524-BDAD-179700B12FEB}.Debug|Any CPU.Build.0 = Debug|Any CPU
		{509B3785-1D8A-4524-BDAD-179700B12FEB}.Release|Any CPU.ActiveCfg = Release|Any CPU
		{509B3785-1D8A-4524-BDAD-179700B12FEB}.Release|Any CPU.Build.0 = Release|Any CPU
	EndGlobalSection
	GlobalSection(MonoDevelopProperties) = preSolution
		StartupItem = Proguard.Build.Tasks\Proguard.Build.Tasks.csproj
	EndGlobalSection
EndGlobal
